# Generated by buf. DO NOT EDIT.
version: v1
deps:
  - remote: buf.build
    owner: envoyproxy
    repository: protoc-gen-validate
    branch: main
    commit: dc09a417d27241f7b069feae2cd74a0e
    digest: b1-Ml8P8Frdpw3OwpExAAPdylRY3Drdoz0lwMe104zLBEk=
    create_time: 2021-12-17T23:06:23.975454Z
  - remote: buf.build
    owner: googleapis
    repository: googleapis
    branch: main
    commit: 3320835a52cf4d22a1f328571e2cfc96
    digest: b1-zcU66m9Ounhws-KoG-03atg0y5XVkiySdiKv4iNrmU4=
    create_time: 2022-01-12T15:08:51.492223Z
  - remote: buf.build
    owner: grpc-ecosystem
    repository: grpc-gateway
    branch: main
    commit: ff83506eb9cc4cf8972f49ce87e6ed3e
    digest: b1-iLPHgLaoeWWinMiXXqPnxqE4BThtY3eSbswVGh9GOGI=
    create_time: 2021-10-23T16:26:52.283938Z
